
Microsoft Visual Studio Solution File, Format Version 12.00
# Visual Studio Version 16
VisualStudioVersion = 16.0.28714.193
MinimumVisualStudioVersion = 10.0.40219.1
Project("{2150E333-8FDC-42A3-9474-1A3956D46DE8}") = "Solution Items", "Solution Items", "{08B276AF-9E6A-4DD9-994F-964CFD71AC29}"
	ProjectSection(SolutionItems) = preProject
		gulpfile.js = gulpfile.js
		lss-time-savers.favdoc = lss-time-savers.favdoc
		lss-time-savers.notes.md = lss-time-savers.notes.md
		package.json = package.json
	EndProjectSection
EndProject
Project("{FAE04EC0-301F-11D3-BF4B-00C04F79EFBC}") = "Luminous.TimeSavers", "src\pkg\Luminous.TimeSavers.csproj", "{A2A22BAD-F136-4409-B37D-1E070E373E3D}"
EndProject
Project("{FAE04EC0-301F-11D3-BF4B-00C04F79EFBC}") = "Luminous.TimeSavers.Options", "src\options\Luminous.TimeSavers.Options.csproj", "{D1FB9B94-BDDB-4474-B8C8-FBBC8F0137B1}"
EndProject
Project("{FAE04EC0-301F-11D3-BF4B-00C04F79EFBC}") = "Luminous.TimeSavers.Core", "src\core\Luminous.TimeSavers.Core.csproj", "{10D8B248-A9A7-4A5D-BBF2-55402E59475B}"
EndProject
Project("{FAE04EC0-301F-11D3-BF4B-00C04F79EFBC}") = "Luminous.TimeSavers.UI", "src\ui\Luminous.TimeSavers.UI.csproj", "{7012B73A-B0CE-4B42-A52D-B237CCB61627}"
EndProject
Project("{2150E333-8FDC-42A3-9474-1A3956D46DE8}") = "docs", "docs", "{B388B43D-55ED-4F06-B651-A7CF5DFF5B01}"
	ProjectSection(SolutionItems) = preProject
		docs-source\changelog.md = docs-source\changelog.md
		docs-source\contributing.md = docs-source\contributing.md
		docs-source\features.md = docs-source\features.md
		docs-source\getting-started.md = docs-source\getting-started.md
		docs-source\index.md = docs-source\index.md
		docs-source\license.md = docs-source\license.md
		mkdocs.yml = mkdocs.yml
		docs-source\roadmap.md = docs-source\roadmap.md
	EndProjectSection
EndProject
Project("{2150E333-8FDC-42A3-9474-1A3956D46DE8}") = "github", "github", "{14C79BB0-FD6F-4021-99DA-1EEDB7AE464B}"
	ProjectSection(SolutionItems) = preProject
		.gitignore = .gitignore
		CHANGELOG.md = CHANGELOG.md
		.github\CONTRIBUTING.md = .github\CONTRIBUTING.md
		.github\ISSUE_TEMPLATE.md = .github\ISSUE_TEMPLATE.md
		LICENSE = LICENSE
		README.md = README.md
	EndProjectSection
EndProject
Project("{2150E333-8FDC-42A3-9474-1A3956D46DE8}") = "publish", "publish", "{2209E374-A952-479C-91C3-4563AA95A6BD}"
	ProjectSection(SolutionItems) = preProject
		publish-manifest.json = publish-manifest.json
		publish.cmd = publish.cmd
	EndProjectSection
EndProject
Project("{2150E333-8FDC-42A3-9474-1A3956D46DE8}") = "version", "version", "{7DFBBAEE-34EF-4733-AE8F-0BA412C4EB97}"
	ProjectSection(SolutionItems) = preProject
		package.json = package.json
		src\pkg\source.extension.vsixmanifest = src\pkg\source.extension.vsixmanifest
	EndProjectSection
EndProject
Global
	GlobalSection(SolutionConfigurationPlatforms) = preSolution
		Debug|Any CPU = Debug|Any CPU
		Release|Any CPU = Release|Any CPU
	EndGlobalSection
	GlobalSection(ProjectConfigurationPlatforms) = postSolution
		{A2A22BAD-F136-4409-B37D-1E070E373E3D}.Debug|Any CPU.ActiveCfg = Debug|Any CPU
		{A2A22BAD-F136-4409-B37D-1E070E373E3D}.Debug|Any CPU.Build.0 = Debug|Any CPU
		{A2A22BAD-F136-4409-B37D-1E070E373E3D}.Release|Any CPU.ActiveCfg = Release|Any CPU
		{A2A22BAD-F136-4409-B37D-1E070E373E3D}.Release|Any CPU.Build.0 = Release|Any CPU
		{D1FB9B94-BDDB-4474-B8C8-FBBC8F0137B1}.Debug|Any CPU.ActiveCfg = Debug|Any CPU
		{D1FB9B94-BDDB-4474-B8C8-FBBC8F0137B1}.Debug|Any CPU.Build.0 = Debug|Any CPU
		{D1FB9B94-BDDB-4474-B8C8-FBBC8F0137B1}.Release|Any CPU.ActiveCfg = Release|Any CPU
		{D1FB9B94-BDDB-4474-B8C8-FBBC8F0137B1}.Release|Any CPU.Build.0 = Release|Any CPU
		{10D8B248-A9A7-4A5D-BBF2-55402E59475B}.Debug|Any CPU.ActiveCfg = Debug|Any CPU
		{10D8B248-A9A7-4A5D-BBF2-55402E59475B}.Debug|Any CPU.Build.0 = Debug|Any CPU
		{10D8B248-A9A7-4A5D-BBF2-55402E59475B}.Release|Any CPU.ActiveCfg = Release|Any CPU
		{10D8B248-A9A7-4A5D-BBF2-55402E59475B}.Release|Any CPU.Build.0 = Release|Any CPU
		{7012B73A-B0CE-4B42-A52D-B237CCB61627}.Debug|Any CPU.ActiveCfg = Debug|Any CPU
		{7012B73A-B0CE-4B42-A52D-B237CCB61627}.Debug|Any CPU.Build.0 = Debug|Any CPU
		{7012B73A-B0CE-4B42-A52D-B237CCB61627}.Release|Any CPU.ActiveCfg = Release|Any CPU
		{7012B73A-B0CE-4B42-A52D-B237CCB61627}.Release|Any CPU.Build.0 = Release|Any CPU
	EndGlobalSection
	GlobalSection(SolutionProperties) = preSolution
		HideSolutionNode = FALSE
	EndGlobalSection
	GlobalSection(NestedProjects) = preSolution
		{B388B43D-55ED-4F06-B651-A7CF5DFF5B01} = {08B276AF-9E6A-4DD9-994F-964CFD71AC29}
		{14C79BB0-FD6F-4021-99DA-1EEDB7AE464B} = {08B276AF-9E6A-4DD9-994F-964CFD71AC29}
		{2209E374-A952-479C-91C3-4563AA95A6BD} = {08B276AF-9E6A-4DD9-994F-964CFD71AC29}
		{7DFBBAEE-34EF-4733-AE8F-0BA412C4EB97} = {08B276AF-9E6A-4DD9-994F-964CFD71AC29}
	EndGlobalSection
	GlobalSection(ExtensibilityGlobals) = postSolution
		SolutionGuid = {C837AE99-4FDA-400B-B90A-533B271E55B8}
	EndGlobalSection
EndGlobal
