
Microsoft Visual Studio Solution File, Format Version 12.00
# Visual Studio 15
VisualStudioVersion = 15.0.27130.2010
MinimumVisualStudioVersion = 10.0.40219.1
Project("{2150E333-8FDC-42A3-9474-1A3956D46DE8}") = "Solution Items", "Solution Items", "{08B276AF-9E6A-4DD9-994F-964CFD71AC29}"
	ProjectSection(SolutionItems) = preProject
		.gitignore = .gitignore
		appveyor.yml = appveyor.yml
		source\changelog.md = source\changelog.md
		source\contributing.md = source\contributing.md
		..\..\..\tools\CreatePrivateGallery.cmd = ..\..\..\tools\CreatePrivateGallery.cmd
		source\getting-started.md = source\getting-started.md
		gulpfile.js = gulpfile.js
		source\index.md = source\index.md
		source\license.md = source\license.md
		lss-time-savers.favdoc = lss-time-savers.favdoc
		mkdocs.yml = mkdocs.yml
		package.json = package.json
		README.html = README.html
		README.md = README.md
		source\roadmap.md = source\roadmap.md
	EndProjectSection
EndProject
Project("{FAE04EC0-301F-11D3-BF4B-00C04F79EFBC}") = "Luminous.TimeSavers", "src\pkg\Luminous.TimeSavers.csproj", "{A2A22BAD-F136-4409-B37D-1E070E373E3D}"
EndProject
Project("{FAE04EC0-301F-11D3-BF4B-00C04F79EFBC}") = "Luminous.TimeSavers.Options", "src\options\Luminous.TimeSavers.Options.csproj", "{D1FB9B94-BDDB-4474-B8C8-FBBC8F0137B1}"
EndProject
Project("{FAE04EC0-301F-11D3-BF4B-00C04F79EFBC}") = "Luminous.TimeSavers.Core", "src\core\Luminous.TimeSavers.Core.csproj", "{10D8B248-A9A7-4A5D-BBF2-55402E59475B}"
EndProject
Global
	GlobalSection(SolutionConfigurationPlatforms) = preSolution
		Debug|Any CPU = Debug|Any CPU
		Release|Any CPU = Release|Any CPU
	EndGlobalSection
	GlobalSection(ProjectConfigurationPlatforms) = postSolution
		{A2A22BAD-F136-4409-B37D-1E070E373E3D}.Debug|Any CPU.ActiveCfg = Debug|Any CPU
		{A2A22BAD-F136-4409-B37D-1E070E373E3D}.Debug|Any CPU.Build.0 = Debug|Any CPU
		{A2A22BAD-F136-4409-B37D-1E070E373E3D}.Release|Any CPU.ActiveCfg = Release|Any CPU
		{A2A22BAD-F136-4409-B37D-1E070E373E3D}.Release|Any CPU.Build.0 = Release|Any CPU
		{D1FB9B94-BDDB-4474-B8C8-FBBC8F0137B1}.Debug|Any CPU.ActiveCfg = Debug|Any CPU
		{D1FB9B94-BDDB-4474-B8C8-FBBC8F0137B1}.Debug|Any CPU.Build.0 = Debug|Any CPU
		{D1FB9B94-BDDB-4474-B8C8-FBBC8F0137B1}.Release|Any CPU.ActiveCfg = Release|Any CPU
		{D1FB9B94-BDDB-4474-B8C8-FBBC8F0137B1}.Release|Any CPU.Build.0 = Release|Any CPU
		{10D8B248-A9A7-4A5D-BBF2-55402E59475B}.Debug|Any CPU.ActiveCfg = Debug|Any CPU
		{10D8B248-A9A7-4A5D-BBF2-55402E59475B}.Debug|Any CPU.Build.0 = Debug|Any CPU
		{10D8B248-A9A7-4A5D-BBF2-55402E59475B}.Release|Any CPU.ActiveCfg = Release|Any CPU
		{10D8B248-A9A7-4A5D-BBF2-55402E59475B}.Release|Any CPU.Build.0 = Release|Any CPU
	EndGlobalSection
	GlobalSection(SolutionProperties) = preSolution
		HideSolutionNode = FALSE
	EndGlobalSection
	GlobalSection(ExtensibilityGlobals) = postSolution
		SolutionGuid = {C837AE99-4FDA-400B-B90A-533B271E55B8}
	EndGlobalSection
EndGlobal
